
Microsoft Visual Studio Solution File, Format Version 12.00
# Visual Studio Version 17
VisualStudioVersion = 17.5.002.0
MinimumVisualStudioVersion = 10.0.40219.1
Project("{9A19103F-16F7-4668-BE54-9A1E7A4F7556}") = "man_power_planning.Client", "Client\man_power_planning.Client.csproj", "{92F6D6F0-08F2-4E90-B6D6-3610BDB09F8F}"
EndProject
Project("{9A19103F-16F7-4668-BE54-9A1E7A4F7556}") = "man_power_planning.Server", "Server\man_power_planning.Server.csproj", "{E7E1FEB4-D62C-41D7-AD98-C46AAD2FD731}"
EndProject
Project("{9A19103F-16F7-4668-BE54-9A1E7A4F7556}") = "man_power_planning.Shared", "Shared\man_power_planning.Shared.csproj", "{3A5CCD3D-01C7-4195-8A25-BCF90971D2B4}"
EndProject
Global
	GlobalSection(SolutionConfigurationPlatforms) = preSolution
		Debug|Any CPU = Debug|Any CPU
		Release|Any CPU = Release|Any CPU
	EndGlobalSection
	GlobalSection(ProjectConfigurationPlatforms) = postSolution
		{92F6D6F0-08F2-4E90-B6D6-3610BDB09F8F}.Debug|Any CPU.ActiveCfg = Debug|Any CPU
		{92F6D6F0-08F2-4E90-B6D6-3610BDB09F8F}.Debug|Any CPU.Build.0 = Debug|Any CPU
		{92F6D6F0-08F2-4E90-B6D6-3610BDB09F8F}.Release|Any CPU.ActiveCfg = Release|Any CPU
		{92F6D6F0-08F2-4E90-B6D6-3610BDB09F8F}.Release|Any CPU.Build.0 = Release|Any CPU
		{E7E1FEB4-D62C-41D7-AD98-C46AAD2FD731}.Debug|Any CPU.ActiveCfg = Debug|Any CPU
		{E7E1FEB4-D62C-41D7-AD98-C46AAD2FD731}.Debug|Any CPU.Build.0 = Debug|Any CPU
		{E7E1FEB4-D62C-41D7-AD98-C46AAD2FD731}.Release|Any CPU.ActiveCfg = Release|Any CPU
		{E7E1FEB4-D62C-41D7-AD98-C46AAD2FD731}.Release|Any CPU.Build.0 = Release|Any CPU
		{3A5CCD3D-01C7-4195-8A25-BCF90971D2B4}.Debug|Any CPU.ActiveCfg = Debug|Any CPU
		{3A5CCD3D-01C7-4195-8A25-BCF90971D2B4}.Debug|Any CPU.Build.0 = Debug|Any CPU
		{3A5CCD3D-01C7-4195-8A25-BCF90971D2B4}.Release|Any CPU.ActiveCfg = Release|Any CPU
		{3A5CCD3D-01C7-4195-8A25-BCF90971D2B4}.Release|Any CPU.Build.0 = Release|Any CPU
	EndGlobalSection
	GlobalSection(SolutionProperties) = preSolution
		HideSolutionNode = FALSE
	EndGlobalSection
	GlobalSection(ExtensibilityGlobals) = postSolution
		SolutionGuid = {D8DABBCC-EDD1-4FA5-ABA6-8FB414AC2D01}
	EndGlobalSection
EndGlobal
